{
  "version": 4,
  "terraform_version": "1.4.6",
  "serial": 3,
  "lineage": "76dc8f54-54c7-247a-8929-3d21e4be8e78",
  "outputs": {},
  "resources": [
    {
      "module": "module.a-module.module.b_module.module.c_module",
      "mode": "managed",
      "type": "local_file",
      "name": "file_created_from_c_module",
      "provider": "provider[\"registry.terraform.io/hashicorp/local\"]",
      "instances": [
        {
          "schema_version": 0,
          "attributes": {
            "content": "c - b - A - Input",
            "content_base64": null,
            "content_base64sha256": "uXmrBmLeifiidt2A7jvItWm3Aly8q3mFGK1xV8MSKsw=",
            "content_base64sha512": "9y5O69bFDpb6q5gDRLpleT41iLms6fv9I60o7/SYB980GZ9hM2ARaquGsuHMbFmfOIr0JT9YUPPcVe6Ei1ECZg==",
            "content_md5": "7ad8a6e2a8f2ece608fdbb716db2cfaa",
            "content_sha1": "81cc476ffc1cb88c95046961abd068b198e5a592",
            "content_sha256": "b979ab0662de89f8a276dd80ee3bc8b569b7025cbcab798518ad7157c3122acc",
            "content_sha512": "f72e4eebd6c50e96faab980344ba65793e3588b9ace9fbfd23ad28eff49807df34199f613360116aab86b2e1cc6c599f388af4253f5850f3dc55ee848b510266",
            "directory_permission": "0777",
            "file_permission": "0777",
            "filename": "c_file.txt",
            "id": "81cc476ffc1cb88c95046961abd068b198e5a592",
            "sensitive_content": null,
            "source": null
          },
          "sensitive_attributes": []
        }
      ]
    },
    {
      "module": "module.a-module.module.d_module",
      "mode": "managed",
      "type": "local_file",
      "name": "file_created_from_d_module",
      "provider": "provider[\"registry.terraform.io/hashicorp/local\"]",
      "instances": [
        {
          "schema_version": 0,
          "attributes": {
            "content": "d - A - Input",
            "content_base64": null,
            "content_base64sha256": "gQ89vroYQoN+EwQXv4eNViZ3meq9r7CJgfTdP2c1Gpg=",
            "content_base64sha512": "hwp/Vmmi7W6Nckiv5/Qi0RbiNPhDu1vFXOdjH4W6QbklFgDWcSwb6aNUvaz2wvoWxOSlyd2bxsVjzBCV3vs6cQ==",
            "content_md5": "1a2107fb1d5a4f7c502df9c7f30300da",
            "content_sha1": "9491c19ceda3c3dd56406cc856b1f589f5e58fe7",
            "content_sha256": "810f3dbeba1842837e130417bf878d56267799eabdafb08981f4dd3f67351a98",
            "content_sha512": "870a7f5669a2ed6e8d7248afe7f422d116e234f843bb5bc55ce7631f85ba41b9251600d6712c1be9a354bdacf6c2fa16c4e4a5c9dd9bc6c563cc1095defb3a71",
            "directory_permission": "0777",
            "file_permission": "0777",
            "filename": "d_file.txt",
            "id": "9491c19ceda3c3dd56406cc856b1f589f5e58fe7",
            "sensitive_content": null,
            "source": null
          },
          "sensitive_attributes": []
        }
      ]
    }
  ],
  "check_results": null
}
